// !$*UTF8*$!
{
	archiveVersion = 1;
	classes = {
	};
	objectVersion = 46;
	objects = {

/* Begin PBXBuildFile section */
		8E602C2F1EA74DBC00FF5036 /* main.m in Sources */ = {isa = PBXBuildFile; fileRef = 8E602C2E1EA74DBC00FF5036 /* main.m */; };
		8E602C321EA74DBC00FF5036 /* AppDelegate.m in Sources */ = {isa = PBXBuildFile; fileRef = 8E602C311EA74DBC00FF5036 /* AppDelegate.m */; };
		8E602C351EA74DBC00FF5036 /* ViewController.m in Sources */ = {isa = PBXBuildFile; fileRef = 8E602C341EA74DBC00FF5036 /* ViewController.m */; };
		8E602C3A1EA74DBC00FF5036 /* Assets.xcassets in Resources */ = {isa = PBXBuildFile; fileRef = 8E602C391EA74DBC00FF5036 /* Assets.xcassets */; };
		8E602C3D1EA74DBC00FF5036 /* LaunchScreen.storyboard in Resources */ = {isa = PBXBuildFile; fileRef = 8E602C3B1EA74DBC00FF5036 /* LaunchScreen.storyboard */; };
		8E602C481EA74DBC00FF5036 /* DemoTests.m in Sources */ = {isa = PBXBuildFile; fileRef = 8E602C471EA74DBC00FF5036 /* DemoTests.m */; };
		8E602C531EA74DBC00FF5036 /* DemoUITests.m in Sources */ = {isa = PBXBuildFile; fileRef = 8E602C521EA74DBC00FF5036 /* DemoUITests.m */; };
		8E602C6F1EA74EC400FF5036 /* SelectImageView.m in Sources */ = {isa = PBXBuildFile; fileRef = 8E602C621EA74EC400FF5036 /* SelectImageView.m */; };
		8E602C701EA74EC400FF5036 /* SelectLabel.m in Sources */ = {isa = PBXBuildFile; fileRef = 8E602C641EA74EC400FF5036 /* SelectLabel.m */; };
		8E602C711EA74EC400FF5036 /* SelectView.m in Sources */ = {isa = PBXBuildFile; fileRef = 8E602C661EA74EC400FF5036 /* SelectView.m */; };
		8E602C721EA74EC400FF5036 /* StoreFileManager.m in Sources */ = {isa = PBXBuildFile; fileRef = 8E602C681EA74EC400FF5036 /* StoreFileManager.m */; };
		8E602C731EA74EC400FF5036 /* VideoUI.m in Sources */ = {isa = PBXBuildFile; fileRef = 8E602C6A1EA74EC400FF5036 /* VideoUI.m */; };
		8E602C741EA74EC400FF5036 /* XDVideocamera.m in Sources */ = {isa = PBXBuildFile; fileRef = 8E602C6C1EA74EC400FF5036 /* XDVideocamera.m */; };
		8E602C751EA74EC400FF5036 /* XDVideoManager.m in Sources */ = {isa = PBXBuildFile; fileRef = 8E602C6E1EA74EC400FF5036 /* XDVideoManager.m */; };
/* End PBXBuildFile section */

/* Begin PBXContainerItemProxy section */
		8E602C441EA74DBC00FF5036 /* PBXContainerItemProxy */ = {
			isa = PBXContainerItemProxy;
			containerPortal = 8E602C221EA74DBC00FF5036 /* Project object */;
			proxyType = 1;
			remoteGlobalIDString = 8E602C291EA74DBC00FF5036;
			remoteInfo = Demo;
		};
		8E602C4F1EA74DBC00FF5036 /* PBXContainerItemProxy */ = {
			isa = PBXContainerItemProxy;
			containerPortal = 8E602C221EA74DBC00FF5036 /* Project object */;
			proxyType = 1;
			remoteGlobalIDString = 8E602C291EA74DBC00FF5036;
			remoteInfo = Demo;
		};
/* End PBXContainerItemProxy section */

/* Begin PBXFileReference section */
		8E602C2A1EA74DBC00FF5036 /* Demo.app */ = {isa = PBXFileReference; explicitFileType = wrapper.application; includeInIndex = 0; path = Demo.app; sourceTree = BUILT_PRODUCTS_DIR; };
		8E602C2E1EA74DBC00FF5036 /* main.m */ = {isa = PBXFileReference; lastKnownFileType = sourcecode.c.objc; path = main.m; sourceTree = "<group>"; };
		8E602C301EA74DBC00FF5036 /* AppDelegate.h */ = {isa = PBXFileReference; lastKnownFileType = sourcecode.c.h; path = AppDelegate.h; sourceTree = "<group>"; };
		8E602C311EA74DBC00FF5036 /* AppDelegate.m */ = {isa = PBXFileReference; lastKnownFileType = sourcecode.c.objc; path = AppDelegate.m; sourceTree = "<group>"; };
		8E602C331EA74DBC00FF5036 /* ViewController.h */ = {isa = PBXFileReference; lastKnownFileType = sourcecode.c.h; path = ViewController.h; sourceTree = "<group>"; };
		8E602C341EA74DBC00FF5036 /* ViewController.m */ = {isa = PBXFileReference; lastKnownFileType = sourcecode.c.objc; path = ViewController.m; sourceTree = "<group>"; };
		8E602C391EA74DBC00FF5036 /* Assets.xcassets */ = {isa = PBXFileReference; lastKnownFileType = folder.assetcatalog; path = Assets.xcassets; sourceTree = "<group>"; };
		8E602C3C1EA74DBC00FF5036 /* Base */ = {isa = PBXFileReference; lastKnownFileType = file.storyboard; name = Base; path = Base.lproj/LaunchScreen.storyboard; sourceTree = "<group>"; };
		8E602C3E1EA74DBC00FF5036 /* Info.plist */ = {isa = PBXFileReference; lastKnownFileType = text.plist.xml; path = Info.plist; sourceTree = "<group>"; };
		8E602C431EA74DBC00FF5036 /* DemoTests.xctest */ = {isa = PBXFileReference; explicitFileType = wrapper.cfbundle; includeInIndex = 0; path = DemoTests.xctest; sourceTree = BUILT_PRODUCTS_DIR; };
		8E602C471EA74DBC00FF5036 /* DemoTests.m */ = {isa = PBXFileReference; lastKnownFileType = sourcecode.c.objc; path = DemoTests.m; sourceTree = "<group>"; };
		8E602C491EA74DBC00FF5036 /* Info.plist */ = {isa = PBXFileReference; lastKnownFileType = text.plist.xml; path = Info.plist; sourceTree = "<group>"; };
		8E602C4E1EA74DBC00FF5036 /* DemoUITests.xctest */ = {isa = PBXFileReference; explicitFileType = wrapper.cfbundle; includeInIndex = 0; path = DemoUITests.xctest; sourceTree = BUILT_PRODUCTS_DIR; };
		8E602C521EA74DBC00FF5036 /* DemoUITests.m */ = {isa = PBXFileReference; lastKnownFileType = sourcecode.c.objc; path = DemoUITests.m; sourceTree = "<group>"; };
		8E602C541EA74DBC00FF5036 /* Info.plist */ = {isa = PBXFileReference; lastKnownFileType = text.plist.xml; path = Info.plist; sourceTree = "<group>"; };
		8E602C611EA74EC400FF5036 /* SelectImageView.h */ = {isa = PBXFileReference; fileEncoding = 4; lastKnownFileType = sourcecode.c.h; name = SelectImageView.h; path = XDVideoCamera/SelectImageView.h; sourceTree = SOURCE_ROOT; };
		8E602C621EA74EC400FF5036 /* SelectImageView.m */ = {isa = PBXFileReference; fileEncoding = 4; lastKnownFileType = sourcecode.c.objc; name = SelectImageView.m; path = XDVideoCamera/SelectImageView.m; sourceTree = SOURCE_ROOT; };
		8E602C631EA74EC400FF5036 /* SelectLabel.h */ = {isa = PBXFileReference; fileEncoding = 4; lastKnownFileType = sourcecode.c.h; name = SelectLabel.h; path = XDVideoCamera/SelectLabel.h; sourceTree = SOURCE_ROOT; };
		8E602C641EA74EC400FF5036 /* SelectLabel.m */ = {isa = PBXFileReference; fileEncoding = 4; lastKnownFileType = sourcecode.c.objc; name = SelectLabel.m; path = XDVideoCamera/SelectLabel.m; sourceTree = SOURCE_ROOT; };
		8E602C651EA74EC400FF5036 /* SelectView.h */ = {isa = PBXFileReference; fileEncoding = 4; lastKnownFileType = sourcecode.c.h; name = SelectView.h; path = XDVideoCamera/SelectView.h; sourceTree = SOURCE_ROOT; };
		8E602C661EA74EC400FF5036 /* SelectView.m */ = {isa = PBXFileReference; fileEncoding = 4; lastKnownFileType = sourcecode.c.objc; name = SelectView.m; path = XDVideoCamera/SelectView.m; sourceTree = SOURCE_ROOT; };
		8E602C671EA74EC400FF5036 /* StoreFileManager.h */ = {isa = PBXFileReference; fileEncoding = 4; lastKnownFileType = sourcecode.c.h; name = StoreFileManager.h; path = XDVideoCamera/StoreFileManager.h; sourceTree = SOURCE_ROOT; };
		8E602C681EA74EC400FF5036 /* StoreFileManager.m */ = {isa = PBXFileReference; fileEncoding = 4; lastKnownFileType = sourcecode.c.objc; name = StoreFileManager.m; path = XDVideoCamera/StoreFileManager.m; sourceTree = SOURCE_ROOT; };
		8E602C691EA74EC400FF5036 /* VideoUI.h */ = {isa = PBXFileReference; fileEncoding = 4; lastKnownFileType = sourcecode.c.h; name = VideoUI.h; path = XDVideoCamera/VideoUI.h; sourceTree = SOURCE_ROOT; };
		8E602C6A1EA74EC400FF5036 /* VideoUI.m */ = {isa = PBXFileReference; fileEncoding = 4; lastKnownFileType = sourcecode.c.objc; name = VideoUI.m; path = XDVideoCamera/VideoUI.m; sourceTree = SOURCE_ROOT; };
		8E602C6B1EA74EC400FF5036 /* XDVideocamera.h */ = {isa = PBXFileReference; fileEncoding = 4; lastKnownFileType = sourcecode.c.h; name = XDVideocamera.h; path = XDVideoCamera/XDVideocamera.h; sourceTree = SOURCE_ROOT; };
		8E602C6C1EA74EC400FF5036 /* XDVideocamera.m */ = {isa = PBXFileReference; fileEncoding = 4; lastKnownFileType = sourcecode.c.objc; name = XDVideocamera.m; path = XDVideoCamera/XDVideocamera.m; sourceTree = SOURCE_ROOT; };
		8E602C6D1EA74EC400FF5036 /* XDVideoManager.h */ = {isa = PBXFileReference; fileEncoding = 4; lastKnownFileType = sourcecode.c.h; name = XDVideoManager.h; path = XDVideoCamera/XDVideoManager.h; sourceTree = SOURCE_ROOT; };
		8E602C6E1EA74EC400FF5036 /* XDVideoManager.m */ = {isa = PBXFileReference; fileEncoding = 4; lastKnownFileType = sourcecode.c.objc; name = XDVideoManager.m; path = XDVideoCamera/XDVideoManager.m; sourceTree = SOURCE_ROOT; };
/* End PBXFileReference section */

/* Begin PBXFrameworksBuildPhase section */
		8E602C271EA74DBC00FF5036 /* Frameworks */ = {
			isa = PBXFrameworksBuildPhase;
			buildActionMask = 2147483647;
			files = (
			);
			runOnlyForDeploymentPostprocessing = 0;
		};
		8E602C401EA74DBC00FF5036 /* Frameworks */ = {
			isa = PBXFrameworksBuildPhase;
			buildActionMask = 2147483647;
			files = (
			);
			runOnlyForDeploymentPostprocessing = 0;
		};
		8E602C4B1EA74DBC00FF5036 /* Frameworks */ = {
			isa = PBXFrameworksBuildPhase;
			buildActionMask = 2147483647;
			files = (
			);
			runOnlyForDeploymentPostprocessing = 0;
		};
/* End PBXFrameworksBuildPhase section */

/* Begin PBXGroup section */
		8E602C211EA74DBC00FF5036 = {
			isa = PBXGroup;
			children = (
				8E602C2C1EA74DBC00FF5036 /* Demo */,
				8E602C461EA74DBC00FF5036 /* DemoTests */,
				8E602C511EA74DBC00FF5036 /* DemoUITests */,
				8E602C2B1EA74DBC00FF5036 /* Products */,
			);
			sourceTree = "<group>";
		};
		8E602C2B1EA74DBC00FF5036 /* Products */ = {
			isa = PBXGroup;
			children = (
				8E602C2A1EA74DBC00FF5036 /* Demo.app */,
				8E602C431EA74DBC00FF5036 /* DemoTests.xctest */,
				8E602C4E1EA74DBC00FF5036 /* DemoUITests.xctest */,
			);
			name = Products;
			sourceTree = "<group>";
		};
		8E602C2C1EA74DBC00FF5036 /* Demo */ = {
			isa = PBXGroup;
			children = (
				8E602C301EA74DBC00FF5036 /* AppDelegate.h */,
				8E602C311EA74DBC00FF5036 /* AppDelegate.m */,
				8E602C331EA74DBC00FF5036 /* ViewController.h */,
				8E602C341EA74DBC00FF5036 /* ViewController.m */,
				8E602C601EA74EA800FF5036 /* XDVideoCamera */,
				8E602C391EA74DBC00FF5036 /* Assets.xcassets */,
				8E602C3B1EA74DBC00FF5036 /* LaunchScreen.storyboard */,
				8E602C3E1EA74DBC00FF5036 /* Info.plist */,
				8E602C2D1EA74DBC00FF5036 /* Supporting Files */,
			);
			path = Demo;
			sourceTree = "<group>";
		};
		8E602C2D1EA74DBC00FF5036 /* Supporting Files */ = {
			isa = PBXGroup;
			children = (
				8E602C2E1EA74DBC00FF5036 /* main.m */,
			);
			name = "Supporting Files";
			sourceTree = "<group>";
		};
		8E602C461EA74DBC00FF5036 /* DemoTests */ = {
			isa = PBXGroup;
			children = (
				8E602C471EA74DBC00FF5036 /* DemoTests.m */,
				8E602C491EA74DBC00FF5036 /* Info.plist */,
			);
			path = DemoTests;
			sourceTree = "<group>";
		};
		8E602C511EA74DBC00FF5036 /* DemoUITests */ = {
			isa = PBXGroup;
			children = (
				8E602C521EA74DBC00FF5036 /* DemoUITests.m */,
				8E602C541EA74DBC00FF5036 /* Info.plist */,
			);
			path = DemoUITests;
			sourceTree = "<group>";
		};
		8E602C601EA74EA800FF5036 /* XDVideoCamera */ = {
			isa = PBXGroup;
			children = (
				8E602C611EA74EC400FF5036 /* SelectImageView.h */,
				8E602C621EA74EC400FF5036 /* SelectImageView.m */,
				8E602C631EA74EC400FF5036 /* SelectLabel.h */,
				8E602C641EA74EC400FF5036 /* SelectLabel.m */,
				8E602C651EA74EC400FF5036 /* SelectView.h */,
				8E602C661EA74EC400FF5036 /* SelectView.m */,
				8E602C671EA74EC400FF5036 /* StoreFileManager.h */,
				8E602C681EA74EC400FF5036 /* StoreFileManager.m */,
				8E602C691EA74EC400FF5036 /* VideoUI.h */,
				8E602C6A1EA74EC400FF5036 /* VideoUI.m */,
				8E602C6B1EA74EC400FF5036 /* XDVideocamera.h */,
				8E602C6C1EA74EC400FF5036 /* XDVideocamera.m */,
				8E602C6D1EA74EC400FF5036 /* XDVideoManager.h */,
				8E602C6E1EA74EC400FF5036 /* XDVideoManager.m */,
			);
			name = XDVideoCamera;
			sourceTree = "<group>";
		};
/* End PBXGroup section */

/* Begin PBXNativeTarget section */
		8E602C291EA74DBC00FF5036 /* Demo */ = {
			isa = PBXNativeTarget;
			buildConfigurationList = 8E602C571EA74DBC00FF5036 /* Build configuration list for PBXNativeTarget "Demo" */;
			buildPhases = (
				8E602C261EA74DBC00FF5036 /* Sources */,
				8E602C271EA74DBC00FF5036 /* Frameworks */,
				8E602C281EA74DBC00FF5036 /* Resources */,
			);
			buildRules = (
			);
			dependencies = (
			);
			name = Demo;
			productName = Demo;
			productReference = 8E602C2A1EA74DBC00FF5036 /* Demo.app */;
			productType = "com.apple.product-type.application";
		};
		8E602C421EA74DBC00FF5036 /* DemoTests */ = {
			isa = PBXNativeTarget;
			buildConfigurationList = 8E602C5A1EA74DBD00FF5036 /* Build configuration list for PBXNativeTarget "DemoTests" */;
			buildPhases = (
				8E602C3F1EA74DBC00FF5036 /* Sources */,
				8E602C401EA74DBC00FF5036 /* Frameworks */,
				8E602C411EA74DBC00FF5036 /* Resources */,
			);
			buildRules = (
			);
			dependencies = (
				8E602C451EA74DBC00FF5036 /* PBXTargetDependency */,
			);
			name = DemoTests;
			productName = DemoTests;
			productReference = 8E602C431EA74DBC00FF5036 /* DemoTests.xctest */;
			productType = "com.apple.product-type.bundle.unit-test";
		};
		8E602C4D1EA74DBC00FF5036 /* DemoUITests */ = {
			isa = PBXNativeTarget;
			buildConfigurationList = 8E602C5D1EA74DBD00FF5036 /* Build configuration list for PBXNativeTarget "DemoUITests" */;
			buildPhases = (
				8E602C4A1EA74DBC00FF5036 /* Sources */,
				8E602C4B1EA74DBC00FF5036 /* Frameworks */,
				8E602C4C1EA74DBC00FF5036 /* Resources */,
			);
			buildRules = (
			);
			dependencies = (
				8E602C501EA74DBC00FF5036 /* PBXTargetDependency */,
			);
			name = DemoUITests;
			productName = DemoUITests;
			productReference = 8E602C4E1EA74DBC00FF5036 /* DemoUITests.xctest */;
			productType = "com.apple.product-type.bundle.ui-testing";
		};
/* End PBXNativeTarget section */

/* Begin PBXProject section */
		8E602C221EA74DBC00FF5036 /* Project object */ = {
			isa = PBXProject;
			attributes = {
				LastUpgradeCheck = 0810;
				ORGANIZATIONNAME = "谢兴达";
				TargetAttributes = {
					8E602C291EA74DBC00FF5036 = {
						CreatedOnToolsVersion = 8.1;
						DevelopmentTeam = 6SALH2H58R;
						ProvisioningStyle = Automatic;
					};
					8E602C421EA74DBC00FF5036 = {
						CreatedOnToolsVersion = 8.1;
						DevelopmentTeam = 6SALH2H58R;
						ProvisioningStyle = Automatic;
						TestTargetID = 8E602C291EA74DBC00FF5036;
					};
					8E602C4D1EA74DBC00FF5036 = {
						CreatedOnToolsVersion = 8.1;
						DevelopmentTeam = 6SALH2H58R;
						ProvisioningStyle = Automatic;
						TestTargetID = 8E602C291EA74DBC00FF5036;
					};
				};
			};
			buildConfigurationList = 8E602C251EA74DBC00FF5036 /* Build configuration list for PBXProject "Demo" */;
			compatibilityVersion = "Xcode 3.2";
			developmentRegion = English;
			hasScannedForEncodings = 0;
			knownRegions = (
				en,
				Base,
			);
			mainGroup = 8E602C211EA74DBC00FF5036;
			productRefGroup = 8E602C2B1EA74DBC00FF5036 /* Products */;
			projectDirPath = "";
			projectRoot = "";
			targets = (
				8E602C291EA74DBC00FF5036 /* Demo */,
				8E602C421EA74DBC00FF5036 /* DemoTests */,
				8E602C4D1EA74DBC00FF5036 /* DemoUITests */,
			);
		};
/* End PBXProject section */

/* Begin PBXResourcesBuildPhase section */
		8E602C281EA74DBC00FF5036 /* Resources */ = {
			isa = PBXResourcesBuildPhase;
			buildActionMask = 2147483647;
			files = (
				8E602C3D1EA74DBC00FF5036 /* LaunchScreen.storyboard in Resources */,
				8E602C3A1EA74DBC00FF5036 /* Assets.xcassets in Resources */,
			);
			runOnlyForDeploymentPostprocessing = 0;
		};
		8E602C411EA74DBC00FF5036 /* Resources */ = {
			isa = PBXResourcesBuildPhase;
			buildActionMask = 2147483647;
			files = (
			);
			runOnlyForDeploymentPostprocessing = 0;
		};
		8E602C4C1EA74DBC00FF5036 /* Resources */ = {
			isa = PBXResourcesBuildPhase;
			buildActionMask = 2147483647;
			files = (
			);
			runOnlyForDeploymentPostprocessing = 0;
		};
/* End PBXResourcesBuildPhase section */

/* Begin PBXSourcesBuildPhase section */
		8E602C261EA74DBC00FF5036 /* Sources */ = {
			isa = PBXSourcesBuildPhase;
			buildActionMask = 2147483647;
			files = (
				8E602C351EA74DBC00FF5036 /* ViewController.m in Sources */,
				8E602C731EA74EC400FF5036 /* VideoUI.m in Sources */,
				8E602C741EA74EC400FF5036 /* XDVideocamera.m in Sources */,
				8E602C321EA74DBC00FF5036 /* AppDelegate.m in Sources */,
				8E602C721EA74EC400FF5036 /* StoreFileManager.m in Sources */,
				8E602C751EA74EC400FF5036 /* XDVideoManager.m in Sources */,
				8E602C711EA74EC400FF5036 /* SelectView.m in Sources */,
				8E602C701EA74EC400FF5036 /* SelectLabel.m in Sources */,
				8E602C6F1EA74EC400FF5036 /* SelectImageView.m in Sources */,
				8E602C2F1EA74DBC00FF5036 /* main.m in Sources */,
			);
			runOnlyForDeploymentPostprocessing = 0;
		};
		8E602C3F1EA74DBC00FF5036 /* Sources */ = {
			isa = PBXSourcesBuildPhase;
			buildActionMask = 2147483647;
			files = (
				8E602C481EA74DBC00FF5036 /* DemoTests.m in Sources */,
			);
			runOnlyForDeploymentPostprocessing = 0;
		};
		8E602C4A1EA74DBC00FF5036 /* Sources */ = {
			isa = PBXSourcesBuildPhase;
			buildActionMask = 2147483647;
			files = (
				8E602C531EA74DBC00FF5036 /* DemoUITests.m in Sources */,
			);
			runOnlyForDeploymentPostprocessing = 0;
		};
/* End PBXSourcesBuildPhase section */

/* Begin PBXTargetDependency section */
		8E602C451EA74DBC00FF5036 /* PBXTargetDependency */ = {
			isa = PBXTargetDependency;
			target = 8E602C291EA74DBC00FF5036 /* Demo */;
			targetProxy = 8E602C441EA74DBC00FF5036 /* PBXContainerItemProxy */;
		};
		8E602C501EA74DBC00FF5036 /* PBXTargetDependency */ = {
			isa = PBXTargetDependency;
			target = 8E602C291EA74DBC00FF5036 /* Demo */;
			targetProxy = 8E602C4F1EA74DBC00FF5036 /* PBXContainerItemProxy */;
		};
/* End PBXTargetDependency section */

/* Begin PBXVariantGroup section */
		8E602C3B1EA74DBC00FF5036 /* LaunchScreen.storyboard */ = {
			isa = PBXVariantGroup;
			children = (
				8E602C3C1EA74DBC00FF5036 /* Base */,
			);
			name = LaunchScreen.storyboard;
			sourceTree = "<group>";
		};
/* End PBXVariantGroup section */

/* Begin XCBuildConfiguration section */
		8E602C551EA74DBC00FF5036 /* Debug */ = {
			isa = XCBuildConfiguration;
			buildSettings = {
				ALWAYS_SEARCH_USER_PATHS = NO;
				CLANG_ANALYZER_NONNULL = YES;
				CLANG_CXX_LANGUAGE_STANDARD = "gnu++0x";
				CLANG_CXX_LIBRARY = "libc++";
				CLANG_ENABLE_MODULES = YES;
				CLANG_ENABLE_OBJC_ARC = YES;
				CLANG_WARN_BOOL_CONVERSION = YES;
				CLANG_WARN_CONSTANT_CONVERSION = YES;
				CLANG_WARN_DIRECT_OBJC_ISA_USAGE = YES_ERROR;
				CLANG_WARN_DOCUMENTATION_COMMENTS = YES;
				CLANG_WARN_EMPTY_BODY = YES;
				CLANG_WARN_ENUM_CONVERSION = YES;
				CLANG_WARN_INFINITE_RECURSION = YES;
				CLANG_WARN_INT_CONVERSION = YES;
				CLANG_WARN_OBJC_ROOT_CLASS = YES_ERROR;
				CLANG_WARN_SUSPICIOUS_MOVES = YES;
				CLANG_WARN_UNREACHABLE_CODE = YES;
				CLANG_WARN__DUPLICATE_METHOD_MATCH = YES;
				"CODE_SIGN_IDENTITY[sdk=iphoneos*]" = "iPhone Developer";
				COPY_PHASE_STRIP = NO;
				DEBUG_INFORMATION_FORMAT = dwarf;
				ENABLE_STRICT_OBJC_MSGSEND = YES;
				ENABLE_TESTABILITY = YES;
				GCC_C_LANGUAGE_STANDARD = gnu99;
				GCC_DYNAMIC_NO_PIC = NO;
				GCC_NO_COMMON_BLOCKS = YES;
				GCC_OPTIMIZATION_LEVEL = 0;
				GCC_PREPROCESSOR_DEFINITIONS = (
					"DEBUG=1",
					"$(inherited)",
				);
				GCC_WARN_64_TO_32_BIT_CONVERSION = YES;
				GCC_WARN_ABOUT_RETURN_TYPE = YES_ERROR;
				GCC_WARN_UNDECLARED_SELECTOR = YES;
				GCC_WARN_UNINITIALIZED_AUTOS = YES_AGGRESSIVE;
				GCC_WARN_UNUSED_FUNCTION = YES;
				GCC_WARN_UNUSED_VARIABLE = YES;
				IPHONEOS_DEPLOYMENT_TARGET = 10.1;
				MTL_ENABLE_DEBUG_INFO = YES;
				ONLY_ACTIVE_ARCH = YES;
				SDKROOT = iphoneos;
			};
			name = Debug;
		};
		8E602C561EA74DBC00FF5036 /* Release */ = {
			isa = XCBuildConfiguration;
			buildSettings = {
				ALWAYS_SEARCH_USER_PATHS = NO;
				CLANG_ANALYZER_NONNULL = YES;
				CLANG_CXX_LANGUAGE_STANDARD = "gnu++0x";
				CLANG_CXX_LIBRARY = "libc++";
				CLANG_ENABLE_MODULES = YES;
				CLANG_ENABLE_OBJC_ARC = YES;
				CLANG_WARN_BOOL_CONVERSION = YES;
				CLANG_WARN_CONSTANT_CONVERSION = YES;
				CLANG_WARN_DIRECT_OBJC_ISA_USAGE = YES_ERROR;
				CLANG_WARN_DOCUMENTATION_COMMENTS = YES;
				CLANG_WARN_EMPTY_BODY = YES;
				CLANG_WARN_ENUM_CONVERSION = YES;
				CLANG_WARN_INFINITE_RECURSION = YES;
				CLANG_WARN_INT_CONVERSION = YES;
				CLANG_WARN_OBJC_ROOT_CLASS = YES_ERROR;
				CLANG_WARN_SUSPICIOUS_MOVES = YES;
				CLANG_WARN_UNREACHABLE_CODE = YES;
				CLANG_WARN__DUPLICATE_METHOD_MATCH = YES;
				"CODE_SIGN_IDENTITY[sdk=iphoneos*]" = "iPhone Developer";
				COPY_PHASE_STRIP = NO;
				DEBUG_INFORMATION_FORMAT = "dwarf-with-dsym";
				ENABLE_NS_ASSERTIONS = NO;
				ENABLE_STRICT_OBJC_MSGSEND = YES;
				GCC_C_LANGUAGE_STANDARD = gnu99;
				GCC_NO_COMMON_BLOCKS = YES;
				GCC_WARN_64_TO_32_BIT_CONVERSION = YES;
				GCC_WARN_ABOUT_RETURN_TYPE = YES_ERROR;
				GCC_WARN_UNDECLARED_SELECTOR = YES;
				GCC_WARN_UNINITIALIZED_AUTOS = YES_AGGRESSIVE;
				GCC_WARN_UNUSED_FUNCTION = YES;
				GCC_WARN_UNUSED_VARIABLE = YES;
				IPHONEOS_DEPLOYMENT_TARGET = 10.1;
				MTL_ENABLE_DEBUG_INFO = NO;
				SDKROOT = iphoneos;
				VALIDATE_PRODUCT = YES;
			};
			name = Release;
		};
		8E602C581EA74DBC00FF5036 /* Debug */ = {
			isa = XCBuildConfiguration;
			buildSettings = {
				ASSETCATALOG_COMPILER_APPICON_NAME = AppIcon;
				DEVELOPMENT_TEAM = 6SALH2H58R;
				INFOPLIST_FILE = Demo/Info.plist;
				IPHONEOS_DEPLOYMENT_TARGET = 8.0;
				LD_RUNPATH_SEARCH_PATHS = "$(inherited) @executable_path/Frameworks";
				ONLY_ACTIVE_ARCH = NO;
				PRODUCT_BUNDLE_IDENTIFIER = xxd.Demo;
				PRODUCT_NAME = "$(TARGET_NAME)";
			};
			name = Debug;
		};
		8E602C591EA74DBC00FF5036 /* Release */ = {
			isa = XCBuildConfiguration;
			buildSettings = {
				ASSETCATALOG_COMPILER_APPICON_NAME = AppIcon;
				DEVELOPMENT_TEAM = 6SALH2H58R;
				INFOPLIST_FILE = Demo/Info.plist;
				IPHONEOS_DEPLOYMENT_TARGET = 8.0;
				LD_RUNPATH_SEARCH_PATHS = "$(inherited) @executable_path/Frameworks";
				PRODUCT_BUNDLE_IDENTIFIER = xxd.Demo;
				PRODUCT_NAME = "$(TARGET_NAME)";
			};
			name = Release;
		};
		8E602C5B1EA74DBD00FF5036 /* Debug */ = {
			isa = XCBuildConfiguration;
			buildSettings = {
				BUNDLE_LOADER = "$(TEST_HOST)";
				DEVELOPMENT_TEAM = 6SALH2H58R;
				INFOPLIST_FILE = DemoTests/Info.plist;
				LD_RUNPATH_SEARCH_PATHS = "$(inherited) @executable_path/Frameworks @loader_path/Frameworks";
				PRODUCT_BUNDLE_IDENTIFIER = xxd.DemoTests;
				PRODUCT_NAME = "$(TARGET_NAME)";
				TEST_HOST = "$(BUILT_PRODUCTS_DIR)/Demo.app/Demo";
			};
			name = Debug;
		};
		8E602C5C1EA74DBD00FF5036 /* Release */ = {
			isa = XCBuildConfiguration;
			buildSettings = {
				BUNDLE_LOADER = "$(TEST_HOST)";
				DEVELOPMENT_TEAM = 6SALH2H58R;
				INFOPLIST_FILE = DemoTests/Info.plist;
				LD_RUNPATH_SEARCH_PATHS = "$(inherited) @executable_path/Frameworks @loader_path/Frameworks";
				PRODUCT_BUNDLE_IDENTIFIER = xxd.DemoTests;
				PRODUCT_NAME = "$(TARGET_NAME)";
				TEST_HOST = "$(BUILT_PRODUCTS_DIR)/Demo.app/Demo";
			};
			name = Release;
		};
		8E602C5E1EA74DBD00FF5036 /* Debug */ = {
			isa = XCBuildConfiguration;
			buildSettings = {
				DEVELOPMENT_TEAM = 6SALH2H58R;
				INFOPLIST_FILE = DemoUITests/Info.plist;
				LD_RUNPATH_SEARCH_PATHS = "$(inherited) @executable_path/Frameworks @loader_path/Frameworks";
				PRODUCT_BUNDLE_IDENTIFIER = xxd.DemoUITests;
				PRODUCT_NAME = "$(TARGET_NAME)";
				TEST_TARGET_NAME = Demo;
			};
			name = Debug;
		};
		8E602C5F1EA74DBD00FF5036 /* Release */ = {
			isa = XCBuildConfiguration;
			buildSettings = {
				DEVELOPMENT_TEAM = 6SALH2H58R;
				INFOPLIST_FILE = DemoUITests/Info.plist;
				LD_RUNPATH_SEARCH_PATHS = "$(inherited) @executable_path/Frameworks @loader_path/Frameworks";
				PRODUCT_BUNDLE_IDENTIFIER = xxd.DemoUITests;
				PRODUCT_NAME = "$(TARGET_NAME)";
				TEST_TARGET_NAME = Demo;
			};
			name = Release;
		};
/* End XCBuildConfiguration section */

/* Begin XCConfigurationList section */
		8E602C251EA74DBC00FF5036 /* Build configuration list for PBXProject "Demo" */ = {
			isa = XCConfigurationList;
			buildConfigurations = (
				8E602C551EA74DBC00FF5036 /* Debug */,
				8E602C561EA74DBC00FF5036 /* Release */,
			);
			defaultConfigurationIsVisible = 0;
			defaultConfigurationName = Release;
		};
		8E602C571EA74DBC00FF5036 /* Build configuration list for PBXNativeTarget "Demo" */ = {
			isa = XCConfigurationList;
			buildConfigurations = (
				8E602C581EA74DBC00FF5036 /* Debug */,
				8E602C591EA74DBC00FF5036 /* Release */,
			);
			defaultConfigurationIsVisible = 0;
			defaultConfigurationName = Release;
		};
		8E602C5A1EA74DBD00FF5036 /* Build configuration list for PBXNativeTarget "DemoTests" */ = {
			isa = XCConfigurationList;
			buildConfigurations = (
				8E602C5B1EA74DBD00FF5036 /* Debug */,
				8E602C5C1EA74DBD00FF5036 /* Release */,
			);
			defaultConfigurationIsVisible = 0;
			defaultConfigurationName = Release;
		};
		8E602C5D1EA74DBD00FF5036 /* Build configuration list for PBXNativeTarget "DemoUITests" */ = {
			isa = XCConfigurationList;
			buildConfigurations = (
				8E602C5E1EA74DBD00FF5036 /* Debug */,
				8E602C5F1EA74DBD00FF5036 /* Release */,
			);
			defaultConfigurationIsVisible = 0;
			defaultConfigurationName = Release;
		};
/* End XCConfigurationList section */
	};
	rootObject = 8E602C221EA74DBC00FF5036 /* Project object */;
}
